
Microsoft Visual Studio Solution File, Format Version 12.00
# Visual Studio Version 17
VisualStudioVersion = 17.2.32630.192
MinimumVisualStudioVersion = 10.0.40219.1
Project("{FAE04EC0-301F-11D3-BF4B-00C04F79EFBC}") = "QuickStartSample (.NET Framework)", "QuickStartSample (.NET Framework)\QuickStartSample (.NET Framework).csproj", "{17041463-5FB0-42A8-8553-8F616CA9302B}"
EndProject
Project("{FAE04EC0-301F-11D3-BF4B-00C04F79EFBC}") = "QuickStartSample (.NET)", "QuickStartSample (.NET)\QuickStartSample (.NET).csproj", "{577E35E3-8C45-46FD-BE3F-575B606603DE}"
EndProject
Global
	GlobalSection(SolutionConfigurationPlatforms) = preSolution
		Debug|Any CPU = Debug|Any CPU
		Release|Any CPU = Release|Any CPU
	EndGlobalSection
	GlobalSection(ProjectConfigurationPlatforms) = postSolution
		{17041463-5FB0-42A8-8553-8F616CA9302B}.Debug|Any CPU.ActiveCfg = Debug|Any CPU
		{17041463-5FB0-42A8-8553-8F616CA9302B}.Debug|Any CPU.Build.0 = Debug|Any CPU
		{17041463-5FB0-42A8-8553-8F616CA9302B}.Release|Any CPU.ActiveCfg = Release|Any CPU
		{17041463-5FB0-42A8-8553-8F616CA9302B}.Release|Any CPU.Build.0 = Release|Any CPU
		{577E35E3-8C45-46FD-BE3F-575B606603DE}.Debug|Any CPU.ActiveCfg = Debug|Any CPU
		{577E35E3-8C45-46FD-BE3F-575B606603DE}.Debug|Any CPU.Build.0 = Debug|Any CPU
		{577E35E3-8C45-46FD-BE3F-575B606603DE}.Release|Any CPU.ActiveCfg = Release|Any CPU
		{577E35E3-8C45-46FD-BE3F-575B606603DE}.Release|Any CPU.Build.0 = Release|Any CPU
	EndGlobalSection
	GlobalSection(SolutionProperties) = preSolution
		HideSolutionNode = FALSE
	EndGlobalSection
	GlobalSection(ExtensibilityGlobals) = postSolution
		SolutionGuid = {52773D65-0E16-464A-A65E-54A71FD1DD96}
	EndGlobalSection
EndGlobal
