
Microsoft Visual Studio Solution File, Format Version 12.00
# Visual Studio 2013
VisualStudioVersion = 12.0.30501.0
MinimumVisualStudioVersion = 10.0.40219.1
Project("{FAE04EC0-301F-11D3-BF4B-00C04F79EFBC}") = "DependenciesTracker", "DependencyTracker\DependenciesTracker.csproj", "{7E789C4F-029D-460F-9F77-F48757B76E7F}"
EndProject
Project("{FAE04EC0-301F-11D3-BF4B-00C04F79EFBC}") = "DependenciesTracker.Tests", "DependenciesTracker.Tests\DependenciesTracker.Tests.csproj", "{F92C9CF9-13B5-4586-B674-3D2187A82584}"
EndProject
Project("{FAE04EC0-301F-11D3-BF4B-00C04F79EFBC}") = "DependenciesTracker.Interfaces", "DependenciesTracker.Interfaces\DependenciesTracker.Interfaces.csproj", "{7550236A-C1BD-453D-B1A9-04F3801DE307}"
EndProject
Project("{FAE04EC0-301F-11D3-BF4B-00C04F79EFBC}") = "Benchmarks", "Benchmarks\Benchmarks.csproj", "{A943FE2F-ED13-473E-9901-BA7D9321F431}"
EndProject
Global
	GlobalSection(SolutionConfigurationPlatforms) = preSolution
		Debug|Any CPU = Debug|Any CPU
		Release|Any CPU = Release|Any CPU
	EndGlobalSection
	GlobalSection(ProjectConfigurationPlatforms) = postSolution
		{7E789C4F-029D-460F-9F77-F48757B76E7F}.Debug|Any CPU.ActiveCfg = Debug|Any CPU
		{7E789C4F-029D-460F-9F77-F48757B76E7F}.Debug|Any CPU.Build.0 = Debug|Any CPU
		{7E789C4F-029D-460F-9F77-F48757B76E7F}.Release|Any CPU.ActiveCfg = Release|Any CPU
		{7E789C4F-029D-460F-9F77-F48757B76E7F}.Release|Any CPU.Build.0 = Release|Any CPU
		{F92C9CF9-13B5-4586-B674-3D2187A82584}.Debug|Any CPU.ActiveCfg = Debug|Any CPU
		{F92C9CF9-13B5-4586-B674-3D2187A82584}.Debug|Any CPU.Build.0 = Debug|Any CPU
		{F92C9CF9-13B5-4586-B674-3D2187A82584}.Release|Any CPU.ActiveCfg = Release|Any CPU
		{F92C9CF9-13B5-4586-B674-3D2187A82584}.Release|Any CPU.Build.0 = Release|Any CPU
		{7550236A-C1BD-453D-B1A9-04F3801DE307}.Debug|Any CPU.ActiveCfg = Debug|Any CPU
		{7550236A-C1BD-453D-B1A9-04F3801DE307}.Debug|Any CPU.Build.0 = Debug|Any CPU
		{7550236A-C1BD-453D-B1A9-04F3801DE307}.Release|Any CPU.ActiveCfg = Release|Any CPU
		{7550236A-C1BD-453D-B1A9-04F3801DE307}.Release|Any CPU.Build.0 = Release|Any CPU
		{A943FE2F-ED13-473E-9901-BA7D9321F431}.Debug|Any CPU.ActiveCfg = Debug|Any CPU
		{A943FE2F-ED13-473E-9901-BA7D9321F431}.Debug|Any CPU.Build.0 = Debug|Any CPU
		{A943FE2F-ED13-473E-9901-BA7D9321F431}.Release|Any CPU.ActiveCfg = Release|Any CPU
		{A943FE2F-ED13-473E-9901-BA7D9321F431}.Release|Any CPU.Build.0 = Release|Any CPU
	EndGlobalSection
	GlobalSection(SolutionProperties) = preSolution
		HideSolutionNode = FALSE
	EndGlobalSection
EndGlobal
